
Microsoft Visual Studio Solution File, Format Version 12.00
# Visual Studio Version 17
VisualStudioVersion = 17.14.36414.22 d17.14
MinimumVisualStudioVersion = 10.0.40219.1
Project("{FAE04EC0-301F-11D3-BF4B-00C04F79EFBC}") = "MyApi", "MyApi\MyApi.csproj", "{0EBAF067-7EE5-4BD0-B217-3DF1A81BFAAB}"
EndProject
Global
	GlobalSection(SolutionConfigurationPlatforms) = preSolution
		Debug|Any CPU = Debug|Any CPU
		Release|Any CPU = Release|Any CPU
	EndGlobalSection
	GlobalSection(ProjectConfigurationPlatforms) = postSolution
		{0EBAF067-7EE5-4BD0-B217-3DF1A81BFAAB}.Debug|Any CPU.ActiveCfg = Debug|Any CPU
		{0EBAF067-7EE5-4BD0-B217-3DF1A81BFAAB}.Debug|Any CPU.Build.0 = Debug|Any CPU
		{0EBAF067-7EE5-4BD0-B217-3DF1A81BFAAB}.Release|Any CPU.ActiveCfg = Release|Any CPU
		{0EBAF067-7EE5-4BD0-B217-3DF1A81BFAAB}.Release|Any CPU.Build.0 = Release|Any CPU
	EndGlobalSection
	GlobalSection(SolutionProperties) = preSolution
		HideSolutionNode = FALSE
	EndGlobalSection
	GlobalSection(ExtensibilityGlobals) = postSolution
		SolutionGuid = {0029B6EA-C8DB-481B-B0C0-E429A53512A2}
	EndGlobalSection
EndGlobal
